
Microsoft Visual Studio Solution File, Format Version 12.00
# Visual Studio Version 17
VisualStudioVersion = 17.11.35219.272
MinimumVisualStudioVersion = 10.0.40219.1
Project("{9A19103F-16F7-4668-BE54-9A1E7A4F7556}") = "FastFood", "FastFood\FastFood.csproj", "{FC817C44-D511-4D90-99CA-24B0C4720F1C}"
EndProject
Project("{FAE04EC0-301F-11D3-BF4B-00C04F79EFBC}") = "FastFood.Test", "FastFood.Test\FastFood.Test.csproj", "{0766EF59-13B3-4219-A6BB-67F3CC3EFD87}"
EndProject
Global
	GlobalSection(SolutionConfigurationPlatforms) = preSolution
		Debug|Any CPU = Debug|Any CPU
		Release|Any CPU = Release|Any CPU
	EndGlobalSection
	GlobalSection(ProjectConfigurationPlatforms) = postSolution
		{FC817C44-D511-4D90-99CA-24B0C4720F1C}.Debug|Any CPU.ActiveCfg = Debug|Any CPU
		{FC817C44-D511-4D90-99CA-24B0C4720F1C}.Debug|Any CPU.Build.0 = Debug|Any CPU
		{FC817C44-D511-4D90-99CA-24B0C4720F1C}.Release|Any CPU.ActiveCfg = Release|Any CPU
		{FC817C44-D511-4D90-99CA-24B0C4720F1C}.Release|Any CPU.Build.0 = Release|Any CPU
		{0766EF59-13B3-4219-A6BB-67F3CC3EFD87}.Debug|Any CPU.ActiveCfg = Debug|Any CPU
		{0766EF59-13B3-4219-A6BB-67F3CC3EFD87}.Debug|Any CPU.Build.0 = Debug|Any CPU
		{0766EF59-13B3-4219-A6BB-67F3CC3EFD87}.Release|Any CPU.ActiveCfg = Release|Any CPU
		{0766EF59-13B3-4219-A6BB-67F3CC3EFD87}.Release|Any CPU.Build.0 = Release|Any CPU
	EndGlobalSection
	GlobalSection(SolutionProperties) = preSolution
		HideSolutionNode = FALSE
	EndGlobalSection
	GlobalSection(ExtensibilityGlobals) = postSolution
		SolutionGuid = {8B3E7A4B-88F1-4B75-AECE-D7D94365D1BB}
	EndGlobalSection
EndGlobal
